// !$*UTF8*$!
{
	archiveVersion = 1;
	classes = {
	};
	objectVersion = 56;
	objects = {

/* Begin PBXBuildFile section */
		AF04F2922AFB3231004D93A1 /* DetailLadderHeaderView.swift in Sources */ = {isa = PBXBuildFile; fileRef = AF04F2912AFB3231004D93A1 /* DetailLadderHeaderView.swift */; };
		AF04F2942AFB327A004D93A1 /* DetailLadderItemView.swift in Sources */ = {isa = PBXBuildFile; fileRef = AF04F2932AFB327A004D93A1 /* DetailLadderItemView.swift */; };
		AF134F5F2AF6965C0091A4CF /* Test2.swift in Sources */ = {isa = PBXBuildFile; fileRef = AF134F5E2AF6965C0091A4CF /* Test2.swift */; };
		AF1B7D972AF4B8E500CC63A5 /* LadderView.swift in Sources */ = {isa = PBXBuildFile; fileRef = AF1B7D962AF4B8E500CC63A5 /* LadderView.swift */; };
		AF258CFE2AF8F401005D82E4 /* DetailSearchView.swift in Sources */ = {isa = PBXBuildFile; fileRef = AF258CFD2AF8F401005D82E4 /* DetailSearchView.swift */; };
		AF258D002AF902D4005D82E4 /* DetailScheduleView.swift in Sources */ = {isa = PBXBuildFile; fileRef = AF258CFF2AF902D4005D82E4 /* DetailScheduleView.swift */; };
		AF278B462AEE30700077B24E /* ScheduleView.swift in Sources */ = {isa = PBXBuildFile; fileRef = AF278B452AEE30700077B24E /* ScheduleView.swift */; };
		AF4B940A2AF889C20078A584 /* SelectCompetitionView.swift in Sources */ = {isa = PBXBuildFile; fileRef = AF4B94092AF889C20078A584 /* SelectCompetitionView.swift */; };
		AF4B940C2AF88CF20078A584 /* LoadingView.swift in Sources */ = {isa = PBXBuildFile; fileRef = AF4B940B2AF88CF20078A584 /* LoadingView.swift */; };
		AF4B940E2AF8A57F0078A584 /* InvalidURLView.swift in Sources */ = {isa = PBXBuildFile; fileRef = AF4B940D2AF8A57F0078A584 /* InvalidURLView.swift */; };
		AF4B94102AF8B2170078A584 /* DetailCompetitionView.swift in Sources */ = {isa = PBXBuildFile; fileRef = AF4B940F2AF8B2170078A584 /* DetailCompetitionView.swift */; };
		AF568A112AF51DED0044A77D /* LadderItemView.swift in Sources */ = {isa = PBXBuildFile; fileRef = AF568A102AF51DED0044A77D /* LadderItemView.swift */; };
		AF67C2A72AEF737000FC00F1 /* GameView.swift in Sources */ = {isa = PBXBuildFile; fileRef = AF67C2A62AEF737000FC00F1 /* GameView.swift */; };
		AF8584B12AFCEA180009CF5F /* PlayerStatsView.swift in Sources */ = {isa = PBXBuildFile; fileRef = AF8584B02AFCEA180009CF5F /* PlayerStatsView.swift */; };
		AF89BD702AFA502B00F48DA0 /* DetailGroundView.swift in Sources */ = {isa = PBXBuildFile; fileRef = AF89BD6F2AFA502B00F48DA0 /* DetailGroundView.swift */; };
		AF97398A2AF28D8D000580AE /* SetTeamsView.swift in Sources */ = {isa = PBXBuildFile; fileRef = AF9739892AF28D8D000580AE /* SetTeamsView.swift */; };
		AFA0A01B2AFA2430007BB970 /* DetailGameView.swift in Sources */ = {isa = PBXBuildFile; fileRef = AFA0A01A2AFA2430007BB970 /* DetailGameView.swift */; };
		AFA0A01D2AFA27BD007BB970 /* DetailPlayerView.swift in Sources */ = {isa = PBXBuildFile; fileRef = AFA0A01C2AFA27BD007BB970 /* DetailPlayerView.swift */; };
		AFA4F6492AFCB8C100E573E6 /* StatisticsView.swift in Sources */ = {isa = PBXBuildFile; fileRef = AFA4F6482AFCB8C100E573E6 /* StatisticsView.swift */; };
		AFA4F64B2AFCBC6800E573E6 /* DetailStatsView.swift in Sources */ = {isa = PBXBuildFile; fileRef = AFA4F64A2AFCBC6800E573E6 /* DetailStatsView.swift */; };
		AFA4F64F2AFCBD0B00E573E6 /* GetStatsData.swift in Sources */ = {isa = PBXBuildFile; fileRef = AFA4F64E2AFCBD0B00E573E6 /* GetStatsData.swift */; };
		AFA590142AF6155300A5C019 /* Test.swift in Sources */ = {isa = PBXBuildFile; fileRef = AFA590132AF6155300A5C019 /* Test.swift */; };
		AFB3BD692AE1DF3400C5413E /* VIC_HockeyApp.swift in Sources */ = {isa = PBXBuildFile; fileRef = AFB3BD682AE1DF3400C5413E /* VIC_HockeyApp.swift */; };
		AFB3BD6B2AE1DF3400C5413E /* ContentView.swift in Sources */ = {isa = PBXBuildFile; fileRef = AFB3BD6A2AE1DF3400C5413E /* ContentView.swift */; };
		AFB3BD6D2AE1DF3500C5413E /* Assets.xcassets in Resources */ = {isa = PBXBuildFile; fileRef = AFB3BD6C2AE1DF3500C5413E /* Assets.xcassets */; };
		AFB3BD702AE1DF3500C5413E /* Preview Assets.xcassets in Resources */ = {isa = PBXBuildFile; fileRef = AFB3BD6F2AE1DF3500C5413E /* Preview Assets.xcassets */; };
		AFB3BD772AE1DFD200C5413E /* Teams.swift in Sources */ = {isa = PBXBuildFile; fileRef = AFB3BD762AE1DFD200C5413E /* Teams.swift */; };
		AFB3BD792AE1E47C00C5413E /* NetworkMonitor.swift in Sources */ = {isa = PBXBuildFile; fileRef = AFB3BD782AE1E47C00C5413E /* NetworkMonitor.swift */; };
		AFB3BD7B2AE1E5F100C5413E /* NoNetworkView.swift in Sources */ = {isa = PBXBuildFile; fileRef = AFB3BD7A2AE1E5F100C5413E /* NoNetworkView.swift */; };
		AFB3BD7F2AE1F1B400C5413E /* Structs.swift in Sources */ = {isa = PBXBuildFile; fileRef = AFB3BD7E2AE1F1B400C5413E /* Structs.swift */; };
		AFB3BD812AE1FEDF00C5413E /* Functions.swift in Sources */ = {isa = PBXBuildFile; fileRef = AFB3BD802AE1FEDF00C5413E /* Functions.swift */; };
		AFB50B942AEA306F00E2444E /* MainTabView.swift in Sources */ = {isa = PBXBuildFile; fileRef = AFB50B932AEA306F00E2444E /* MainTabView.swift */; };
		AFB7E1572AE90C0200035FD9 /* SelectClubView.swift in Sources */ = {isa = PBXBuildFile; fileRef = AFB7E1562AE90C0200035FD9 /* SelectClubView.swift */; };
		AFD604812AED20980013CCC5 /* ConfirmationAlertView.swift in Sources */ = {isa = PBXBuildFile; fileRef = AFD604802AED20980013CCC5 /* ConfirmationAlertView.swift */; };
		AFF6CAA22AE74BC5001CD67A /* SelectTeamView.swift in Sources */ = {isa = PBXBuildFile; fileRef = AFF6CAA12AE74BC5001CD67A /* SelectTeamView.swift */; };
		AFFA64122AFBBFAA005A9BCC /* GetSchedData.swift in Sources */ = {isa = PBXBuildFile; fileRef = AFFA64112AFBBFAA005A9BCC /* GetSchedData.swift */; };
		AFFA64142AFBBFF5005A9BCC /* GetGameData.swift in Sources */ = {isa = PBXBuildFile; fileRef = AFFA64132AFBBFF5005A9BCC /* GetGameData.swift */; };
/* End PBXBuildFile section */

/* Begin PBXFileReference section */
		AF04F2912AFB3231004D93A1 /* DetailLadderHeaderView.swift */ = {isa = PBXFileReference; lastKnownFileType = sourcecode.swift; path = DetailLadderHeaderView.swift; sourceTree = "<group>"; };
		AF04F2932AFB327A004D93A1 /* DetailLadderItemView.swift */ = {isa = PBXFileReference; lastKnownFileType = sourcecode.swift; path = DetailLadderItemView.swift; sourceTree = "<group>"; };
		AF134F5E2AF6965C0091A4CF /* Test2.swift */ = {isa = PBXFileReference; lastKnownFileType = sourcecode.swift; path = Test2.swift; sourceTree = "<group>"; };
		AF1B7D962AF4B8E500CC63A5 /* LadderView.swift */ = {isa = PBXFileReference; lastKnownFileType = sourcecode.swift; path = LadderView.swift; sourceTree = "<group>"; };
		AF258CFD2AF8F401005D82E4 /* DetailSearchView.swift */ = {isa = PBXFileReference; lastKnownFileType = sourcecode.swift; path = DetailSearchView.swift; sourceTree = "<group>"; };
		AF258CFF2AF902D4005D82E4 /* DetailScheduleView.swift */ = {isa = PBXFileReference; lastKnownFileType = sourcecode.swift; path = DetailScheduleView.swift; sourceTree = "<group>"; };
		AF278B452AEE30700077B24E /* ScheduleView.swift */ = {isa = PBXFileReference; lastKnownFileType = sourcecode.swift; path = ScheduleView.swift; sourceTree = "<group>"; };
		AF4B94092AF889C20078A584 /* SelectCompetitionView.swift */ = {isa = PBXFileReference; lastKnownFileType = sourcecode.swift; path = SelectCompetitionView.swift; sourceTree = "<group>"; };
		AF4B940B2AF88CF20078A584 /* LoadingView.swift */ = {isa = PBXFileReference; lastKnownFileType = sourcecode.swift; path = LoadingView.swift; sourceTree = "<group>"; };
		AF4B940D2AF8A57F0078A584 /* InvalidURLView.swift */ = {isa = PBXFileReference; lastKnownFileType = sourcecode.swift; path = InvalidURLView.swift; sourceTree = "<group>"; };
		AF4B940F2AF8B2170078A584 /* DetailCompetitionView.swift */ = {isa = PBXFileReference; lastKnownFileType = sourcecode.swift; path = DetailCompetitionView.swift; sourceTree = "<group>"; };
		AF568A102AF51DED0044A77D /* LadderItemView.swift */ = {isa = PBXFileReference; lastKnownFileType = sourcecode.swift; path = LadderItemView.swift; sourceTree = "<group>"; };
		AF67C2A62AEF737000FC00F1 /* GameView.swift */ = {isa = PBXFileReference; lastKnownFileType = sourcecode.swift; path = GameView.swift; sourceTree = "<group>"; };
		AF8584B02AFCEA180009CF5F /* PlayerStatsView.swift */ = {isa = PBXFileReference; lastKnownFileType = sourcecode.swift; path = PlayerStatsView.swift; sourceTree = "<group>"; };
		AF89BD6F2AFA502B00F48DA0 /* DetailGroundView.swift */ = {isa = PBXFileReference; lastKnownFileType = sourcecode.swift; path = DetailGroundView.swift; sourceTree = "<group>"; };
		AF9739892AF28D8D000580AE /* SetTeamsView.swift */ = {isa = PBXFileReference; lastKnownFileType = sourcecode.swift; path = SetTeamsView.swift; sourceTree = "<group>"; };
		AFA0A01A2AFA2430007BB970 /* DetailGameView.swift */ = {isa = PBXFileReference; lastKnownFileType = sourcecode.swift; path = DetailGameView.swift; sourceTree = "<group>"; };
		AFA0A01C2AFA27BD007BB970 /* DetailPlayerView.swift */ = {isa = PBXFileReference; lastKnownFileType = sourcecode.swift; path = DetailPlayerView.swift; sourceTree = "<group>"; };
		AFA4F6482AFCB8C100E573E6 /* StatisticsView.swift */ = {isa = PBXFileReference; lastKnownFileType = sourcecode.swift; path = StatisticsView.swift; sourceTree = "<group>"; };
		AFA4F64A2AFCBC6800E573E6 /* DetailStatsView.swift */ = {isa = PBXFileReference; lastKnownFileType = sourcecode.swift; path = DetailStatsView.swift; sourceTree = "<group>"; };
		AFA4F64E2AFCBD0B00E573E6 /* GetStatsData.swift */ = {isa = PBXFileReference; lastKnownFileType = sourcecode.swift; path = GetStatsData.swift; sourceTree = "<group>"; };
		AFA590132AF6155300A5C019 /* Test.swift */ = {isa = PBXFileReference; lastKnownFileType = sourcecode.swift; path = Test.swift; sourceTree = "<group>"; };
		AFB3BD652AE1DF3400C5413E /* VIC Hockey.app */ = {isa = PBXFileReference; explicitFileType = wrapper.application; includeInIndex = 0; path = "VIC Hockey.app"; sourceTree = BUILT_PRODUCTS_DIR; };
		AFB3BD682AE1DF3400C5413E /* VIC_HockeyApp.swift */ = {isa = PBXFileReference; lastKnownFileType = sourcecode.swift; path = VIC_HockeyApp.swift; sourceTree = "<group>"; };
		AFB3BD6A2AE1DF3400C5413E /* ContentView.swift */ = {isa = PBXFileReference; lastKnownFileType = sourcecode.swift; path = ContentView.swift; sourceTree = "<group>"; };
		AFB3BD6C2AE1DF3500C5413E /* Assets.xcassets */ = {isa = PBXFileReference; lastKnownFileType = folder.assetcatalog; path = Assets.xcassets; sourceTree = "<group>"; };
		AFB3BD6F2AE1DF3500C5413E /* Preview Assets.xcassets */ = {isa = PBXFileReference; lastKnownFileType = folder.assetcatalog; path = "Preview Assets.xcassets"; sourceTree = "<group>"; };
		AFB3BD762AE1DFD200C5413E /* Teams.swift */ = {isa = PBXFileReference; lastKnownFileType = sourcecode.swift; path = Teams.swift; sourceTree = "<group>"; };
		AFB3BD782AE1E47C00C5413E /* NetworkMonitor.swift */ = {isa = PBXFileReference; lastKnownFileType = sourcecode.swift; path = NetworkMonitor.swift; sourceTree = "<group>"; };
		AFB3BD7A2AE1E5F100C5413E /* NoNetworkView.swift */ = {isa = PBXFileReference; lastKnownFileType = sourcecode.swift; path = NoNetworkView.swift; sourceTree = "<group>"; };
		AFB3BD7E2AE1F1B400C5413E /* Structs.swift */ = {isa = PBXFileReference; lastKnownFileType = sourcecode.swift; path = Structs.swift; sourceTree = "<group>"; };
		AFB3BD802AE1FEDF00C5413E /* Functions.swift */ = {isa = PBXFileReference; lastKnownFileType = sourcecode.swift; path = Functions.swift; sourceTree = "<group>"; };
		AFB50B932AEA306F00E2444E /* MainTabView.swift */ = {isa = PBXFileReference; lastKnownFileType = sourcecode.swift; path = MainTabView.swift; sourceTree = "<group>"; };
		AFB7E1562AE90C0200035FD9 /* SelectClubView.swift */ = {isa = PBXFileReference; lastKnownFileType = sourcecode.swift; path = SelectClubView.swift; sourceTree = "<group>"; };
		AFD604802AED20980013CCC5 /* ConfirmationAlertView.swift */ = {isa = PBXFileReference; lastKnownFileType = sourcecode.swift; path = ConfirmationAlertView.swift; sourceTree = "<group>"; };
		AFF6CAA12AE74BC5001CD67A /* SelectTeamView.swift */ = {isa = PBXFileReference; lastKnownFileType = sourcecode.swift; path = SelectTeamView.swift; sourceTree = "<group>"; };
		AFFA64112AFBBFAA005A9BCC /* GetSchedData.swift */ = {isa = PBXFileReference; lastKnownFileType = sourcecode.swift; path = GetSchedData.swift; sourceTree = "<group>"; };
		AFFA64132AFBBFF5005A9BCC /* GetGameData.swift */ = {isa = PBXFileReference; lastKnownFileType = sourcecode.swift; path = GetGameData.swift; sourceTree = "<group>"; };
/* End PBXFileReference section */

/* Begin PBXFrameworksBuildPhase section */
		AFB3BD622AE1DF3400C5413E /* Frameworks */ = {
			isa = PBXFrameworksBuildPhase;
			buildActionMask = 2147483647;
			files = (
			);
			runOnlyForDeploymentPostprocessing = 0;
		};
/* End PBXFrameworksBuildPhase section */

/* Begin PBXGroup section */
		AF04F2902AFB2E67004D93A1 /* Ladder */ = {
			isa = PBXGroup;
			children = (
				AF1B7D962AF4B8E500CC63A5 /* LadderView.swift */,
				AF04F2912AFB3231004D93A1 /* DetailLadderHeaderView.swift */,
				AF04F2932AFB327A004D93A1 /* DetailLadderItemView.swift */,
				AF568A102AF51DED0044A77D /* LadderItemView.swift */,
			);
			path = Ladder;
			sourceTree = "<group>";
		};
		AF89BD712AFA504600F48DA0 /* Schedule */ = {
			isa = PBXGroup;
			children = (
				AF278B452AEE30700077B24E /* ScheduleView.swift */,
				AF258CFF2AF902D4005D82E4 /* DetailScheduleView.swift */,
			);
			path = Schedule;
			sourceTree = "<group>";
		};
		AF89BD722AFA506200F48DA0 /* Environment */ = {
			isa = PBXGroup;
			children = (
				AFB3BD6A2AE1DF3400C5413E /* ContentView.swift */,
				AFB3BD7A2AE1E5F100C5413E /* NoNetworkView.swift */,
				AF4B940B2AF88CF20078A584 /* LoadingView.swift */,
				AF4B940D2AF8A57F0078A584 /* InvalidURLView.swift */,
				AFB50B932AEA306F00E2444E /* MainTabView.swift */,
				AFD604802AED20980013CCC5 /* ConfirmationAlertView.swift */,
			);
			path = Environment;
			sourceTree = "<group>";
		};
		AF89BD732AFA50A100F48DA0 /* Competition */ = {
			isa = PBXGroup;
			children = (
				AF4B94092AF889C20078A584 /* SelectCompetitionView.swift */,
				AF4B940F2AF8B2170078A584 /* DetailCompetitionView.swift */,
				AF258CFD2AF8F401005D82E4 /* DetailSearchView.swift */,
			);
			path = Competition;
			sourceTree = "<group>";
		};
		AF89BD742AFA50C000F48DA0 /* Team */ = {
			isa = PBXGroup;
			children = (
				AF9739892AF28D8D000580AE /* SetTeamsView.swift */,
				AFB7E1562AE90C0200035FD9 /* SelectClubView.swift */,
				AFF6CAA12AE74BC5001CD67A /* SelectTeamView.swift */,
			);
			path = Team;
			sourceTree = "<group>";
		};
		AF89BD752AFA510100F48DA0 /* Game */ = {
			isa = PBXGroup;
			children = (
				AF67C2A62AEF737000FC00F1 /* GameView.swift */,
				AFA0A01A2AFA2430007BB970 /* DetailGameView.swift */,
				AF89BD6F2AFA502B00F48DA0 /* DetailGroundView.swift */,
				AFA0A01C2AFA27BD007BB970 /* DetailPlayerView.swift */,
			);
			path = Game;
			sourceTree = "<group>";
		};
		AFA4F6472AFCB89200E573E6 /* Statistics */ = {
			isa = PBXGroup;
			children = (
				AFA4F6482AFCB8C100E573E6 /* StatisticsView.swift */,
				AFA4F64A2AFCBC6800E573E6 /* DetailStatsView.swift */,
				AF8584B02AFCEA180009CF5F /* PlayerStatsView.swift */,
			);
			path = Statistics;
			sourceTree = "<group>";
		};
		AFB3BD5C2AE1DF3400C5413E = {
			isa = PBXGroup;
			children = (
				AFB3BD672AE1DF3400C5413E /* VIC Hockey */,
				AFB3BD662AE1DF3400C5413E /* Products */,
			);
			sourceTree = "<group>";
		};
		AFB3BD662AE1DF3400C5413E /* Products */ = {
			isa = PBXGroup;
			children = (
				AFB3BD652AE1DF3400C5413E /* VIC Hockey.app */,
			);
			name = Products;
			sourceTree = "<group>";
		};
		AFB3BD672AE1DF3400C5413E /* VIC Hockey */ = {
			isa = PBXGroup;
			children = (
				AFB3BD682AE1DF3400C5413E /* VIC_HockeyApp.swift */,
				AFFA64102AFBBF72005A9BCC /* GetData */,
				AFD33EB72AF1E4E900F8F7ED /* Views */,
				AFB3BD6C2AE1DF3500C5413E /* Assets.xcassets */,
				AFB3BD6E2AE1DF3500C5413E /* Preview Content */,
				AFB3BD762AE1DFD200C5413E /* Teams.swift */,
				AFB3BD782AE1E47C00C5413E /* NetworkMonitor.swift */,
				AFB3BD7E2AE1F1B400C5413E /* Structs.swift */,
				AFB3BD802AE1FEDF00C5413E /* Functions.swift */,
			);
			path = "VIC Hockey";
			sourceTree = "<group>";
		};
		AFB3BD6E2AE1DF3500C5413E /* Preview Content */ = {
			isa = PBXGroup;
			children = (
				AFB3BD6F2AE1DF3500C5413E /* Preview Assets.xcassets */,
			);
			path = "Preview Content";
			sourceTree = "<group>";
		};
		AFD33EB72AF1E4E900F8F7ED /* Views */ = {
			isa = PBXGroup;
			children = (
				AF89BD722AFA506200F48DA0 /* Environment */,
				AF89BD732AFA50A100F48DA0 /* Competition */,
				AF89BD712AFA504600F48DA0 /* Schedule */,
				AF89BD752AFA510100F48DA0 /* Game */,
				AF04F2902AFB2E67004D93A1 /* Ladder */,
				AFA4F6472AFCB89200E573E6 /* Statistics */,
				AF89BD742AFA50C000F48DA0 /* Team */,
				AFA590132AF6155300A5C019 /* Test.swift */,
				AF134F5E2AF6965C0091A4CF /* Test2.swift */,
			);
			path = Views;
			sourceTree = "<group>";
		};
		AFFA64102AFBBF72005A9BCC /* GetData */ = {
			isa = PBXGroup;
			children = (
				AFFA64112AFBBFAA005A9BCC /* GetSchedData.swift */,
				AFFA64132AFBBFF5005A9BCC /* GetGameData.swift */,
				AFA4F64E2AFCBD0B00E573E6 /* GetStatsData.swift */,
			);
			path = GetData;
			sourceTree = "<group>";
		};
/* End PBXGroup section */

/* Begin PBXNativeTarget section */
		AFB3BD642AE1DF3400C5413E /* VIC Hockey */ = {
			isa = PBXNativeTarget;
			buildConfigurationList = AFB3BD732AE1DF3500C5413E /* Build configuration list for PBXNativeTarget "VIC Hockey" */;
			buildPhases = (
				AFB3BD612AE1DF3400C5413E /* Sources */,
				AFB3BD622AE1DF3400C5413E /* Frameworks */,
				AFB3BD632AE1DF3400C5413E /* Resources */,
			);
			buildRules = (
			);
			dependencies = (
			);
			name = "VIC Hockey";
			productName = "VIC Hockey";
			productReference = AFB3BD652AE1DF3400C5413E /* VIC Hockey.app */;
			productType = "com.apple.product-type.application";
		};
/* End PBXNativeTarget section */

/* Begin PBXProject section */
		AFB3BD5D2AE1DF3400C5413E /* Project object */ = {
			isa = PBXProject;
			attributes = {
				BuildIndependentTargetsInParallel = 1;
				LastSwiftUpdateCheck = 1500;
				LastUpgradeCheck = 1500;
				TargetAttributes = {
					AFB3BD642AE1DF3400C5413E = {
						CreatedOnToolsVersion = 15.0.1;
					};
				};
			};
			buildConfigurationList = AFB3BD602AE1DF3400C5413E /* Build configuration list for PBXProject "VIC Hockey" */;
			compatibilityVersion = "Xcode 14.0";
			developmentRegion = en;
			hasScannedForEncodings = 0;
			knownRegions = (
				en,
				Base,
			);
			mainGroup = AFB3BD5C2AE1DF3400C5413E;
			productRefGroup = AFB3BD662AE1DF3400C5413E /* Products */;
			projectDirPath = "";
			projectRoot = "";
			targets = (
				AFB3BD642AE1DF3400C5413E /* VIC Hockey */,
			);
		};
/* End PBXProject section */

/* Begin PBXResourcesBuildPhase section */
		AFB3BD632AE1DF3400C5413E /* Resources */ = {
			isa = PBXResourcesBuildPhase;
			buildActionMask = 2147483647;
			files = (
				AFB3BD702AE1DF3500C5413E /* Preview Assets.xcassets in Resources */,
				AFB3BD6D2AE1DF3500C5413E /* Assets.xcassets in Resources */,
			);
			runOnlyForDeploymentPostprocessing = 0;
		};
/* End PBXResourcesBuildPhase section */

/* Begin PBXSourcesBuildPhase section */
		AFB3BD612AE1DF3400C5413E /* Sources */ = {
			isa = PBXSourcesBuildPhase;
			buildActionMask = 2147483647;
			files = (
				AFFA64142AFBBFF5005A9BCC /* GetGameData.swift in Sources */,
				AF4B940A2AF889C20078A584 /* SelectCompetitionView.swift in Sources */,
				AF97398A2AF28D8D000580AE /* SetTeamsView.swift in Sources */,
				AF89BD702AFA502B00F48DA0 /* DetailGroundView.swift in Sources */,
				AFA0A01D2AFA27BD007BB970 /* DetailPlayerView.swift in Sources */,
				AFB3BD772AE1DFD200C5413E /* Teams.swift in Sources */,
				AF1B7D972AF4B8E500CC63A5 /* LadderView.swift in Sources */,
				AFB3BD792AE1E47C00C5413E /* NetworkMonitor.swift in Sources */,
				AF4B940C2AF88CF20078A584 /* LoadingView.swift in Sources */,
				AFA0A01B2AFA2430007BB970 /* DetailGameView.swift in Sources */,
				AFD604812AED20980013CCC5 /* ConfirmationAlertView.swift in Sources */,
				AF04F2922AFB3231004D93A1 /* DetailLadderHeaderView.swift in Sources */,
				AFB7E1572AE90C0200035FD9 /* SelectClubView.swift in Sources */,
				AF4B940E2AF8A57F0078A584 /* InvalidURLView.swift in Sources */,
				AF4B94102AF8B2170078A584 /* DetailCompetitionView.swift in Sources */,
				AFB3BD7B2AE1E5F100C5413E /* NoNetworkView.swift in Sources */,
				AFA4F64F2AFCBD0B00E573E6 /* GetStatsData.swift in Sources */,
				AF67C2A72AEF737000FC00F1 /* GameView.swift in Sources */,
				AFB50B942AEA306F00E2444E /* MainTabView.swift in Sources */,
				AFF6CAA22AE74BC5001CD67A /* SelectTeamView.swift in Sources */,
				AF258D002AF902D4005D82E4 /* DetailScheduleView.swift in Sources */,
				AFA590142AF6155300A5C019 /* Test.swift in Sources */,
				AFA4F6492AFCB8C100E573E6 /* StatisticsView.swift in Sources */,
				AF04F2942AFB327A004D93A1 /* DetailLadderItemView.swift in Sources */,
				AF568A112AF51DED0044A77D /* LadderItemView.swift in Sources */,
				AFB3BD812AE1FEDF00C5413E /* Functions.swift in Sources */,
				AF134F5F2AF6965C0091A4CF /* Test2.swift in Sources */,
				AFA4F64B2AFCBC6800E573E6 /* DetailStatsView.swift in Sources */,
				AFB3BD7F2AE1F1B400C5413E /* Structs.swift in Sources */,
				AFB3BD6B2AE1DF3400C5413E /* ContentView.swift in Sources */,
				AFFA64122AFBBFAA005A9BCC /* GetSchedData.swift in Sources */,
				AF278B462AEE30700077B24E /* ScheduleView.swift in Sources */,
				AFB3BD692AE1DF3400C5413E /* VIC_HockeyApp.swift in Sources */,
				AF258CFE2AF8F401005D82E4 /* DetailSearchView.swift in Sources */,
				AF8584B12AFCEA180009CF5F /* PlayerStatsView.swift in Sources */,
			);
			runOnlyForDeploymentPostprocessing = 0;
		};
/* End PBXSourcesBuildPhase section */

/* Begin XCBuildConfiguration section */
		AFB3BD712AE1DF3500C5413E /* Debug */ = {
			isa = XCBuildConfiguration;
			buildSettings = {
				ALWAYS_SEARCH_USER_PATHS = NO;
				ASSETCATALOG_COMPILER_GENERATE_SWIFT_ASSET_SYMBOL_EXTENSIONS = YES;
				CLANG_ANALYZER_NONNULL = YES;
				CLANG_ANALYZER_NUMBER_OBJECT_CONVERSION = YES_AGGRESSIVE;
				CLANG_CXX_LANGUAGE_STANDARD = "gnu++20";
				CLANG_ENABLE_MODULES = YES;
				CLANG_ENABLE_OBJC_ARC = YES;
				CLANG_ENABLE_OBJC_WEAK = YES;
				CLANG_WARN_BLOCK_CAPTURE_AUTORELEASING = YES;
				CLANG_WARN_BOOL_CONVERSION = YES;
				CLANG_WARN_COMMA = YES;
				CLANG_WARN_CONSTANT_CONVERSION = YES;
				CLANG_WARN_DEPRECATED_OBJC_IMPLEMENTATIONS = YES;
				CLANG_WARN_DIRECT_OBJC_ISA_USAGE = YES_ERROR;
				CLANG_WARN_DOCUMENTATION_COMMENTS = YES;
				CLANG_WARN_EMPTY_BODY = YES;
				CLANG_WARN_ENUM_CONVERSION = YES;
				CLANG_WARN_INFINITE_RECURSION = YES;
				CLANG_WARN_INT_CONVERSION = YES;
				CLANG_WARN_NON_LITERAL_NULL_CONVERSION = YES;
				CLANG_WARN_OBJC_IMPLICIT_RETAIN_SELF = YES;
				CLANG_WARN_OBJC_LITERAL_CONVERSION = YES;
				CLANG_WARN_OBJC_ROOT_CLASS = YES_ERROR;
				CLANG_WARN_QUOTED_INCLUDE_IN_FRAMEWORK_HEADER = YES;
				CLANG_WARN_RANGE_LOOP_ANALYSIS = YES;
				CLANG_WARN_STRICT_PROTOTYPES = YES;
				CLANG_WARN_SUSPICIOUS_MOVE = YES;
				CLANG_WARN_UNGUARDED_AVAILABILITY = YES_AGGRESSIVE;
				CLANG_WARN_UNREACHABLE_CODE = YES;
				CLANG_WARN__DUPLICATE_METHOD_MATCH = YES;
				COPY_PHASE_STRIP = NO;
				DEBUG_INFORMATION_FORMAT = dwarf;
				ENABLE_STRICT_OBJC_MSGSEND = YES;
				ENABLE_TESTABILITY = YES;
				ENABLE_USER_SCRIPT_SANDBOXING = YES;
				GCC_C_LANGUAGE_STANDARD = gnu17;
				GCC_DYNAMIC_NO_PIC = NO;
				GCC_NO_COMMON_BLOCKS = YES;
				GCC_OPTIMIZATION_LEVEL = 0;
				GCC_PREPROCESSOR_DEFINITIONS = (
					"DEBUG=1",
					"$(inherited)",
				);
				GCC_WARN_64_TO_32_BIT_CONVERSION = YES;
				GCC_WARN_ABOUT_RETURN_TYPE = YES_ERROR;
				GCC_WARN_UNDECLARED_SELECTOR = YES;
				GCC_WARN_UNINITIALIZED_AUTOS = YES_AGGRESSIVE;
				GCC_WARN_UNUSED_FUNCTION = YES;
				GCC_WARN_UNUSED_VARIABLE = YES;
				IPHONEOS_DEPLOYMENT_TARGET = 17.0;
				LOCALIZATION_PREFERS_STRING_CATALOGS = YES;
				MTL_ENABLE_DEBUG_INFO = INCLUDE_SOURCE;
				MTL_FAST_MATH = YES;
				ONLY_ACTIVE_ARCH = YES;
				SDKROOT = iphoneos;
				SWIFT_ACTIVE_COMPILATION_CONDITIONS = "DEBUG $(inherited)";
				SWIFT_OPTIMIZATION_LEVEL = "-Onone";
			};
			name = Debug;
		};
		AFB3BD722AE1DF3500C5413E /* Release */ = {
			isa = XCBuildConfiguration;
			buildSettings = {
				ALWAYS_SEARCH_USER_PATHS = NO;
				ASSETCATALOG_COMPILER_GENERATE_SWIFT_ASSET_SYMBOL_EXTENSIONS = YES;
				CLANG_ANALYZER_NONNULL = YES;
				CLANG_ANALYZER_NUMBER_OBJECT_CONVERSION = YES_AGGRESSIVE;
				CLANG_CXX_LANGUAGE_STANDARD = "gnu++20";
				CLANG_ENABLE_MODULES = YES;
				CLANG_ENABLE_OBJC_ARC = YES;
				CLANG_ENABLE_OBJC_WEAK = YES;
				CLANG_WARN_BLOCK_CAPTURE_AUTORELEASING = YES;
				CLANG_WARN_BOOL_CONVERSION = YES;
				CLANG_WARN_COMMA = YES;
				CLANG_WARN_CONSTANT_CONVERSION = YES;
				CLANG_WARN_DEPRECATED_OBJC_IMPLEMENTATIONS = YES;
				CLANG_WARN_DIRECT_OBJC_ISA_USAGE = YES_ERROR;
				CLANG_WARN_DOCUMENTATION_COMMENTS = YES;
				CLANG_WARN_EMPTY_BODY = YES;
				CLANG_WARN_ENUM_CONVERSION = YES;
				CLANG_WARN_INFINITE_RECURSION = YES;
				CLANG_WARN_INT_CONVERSION = YES;
				CLANG_WARN_NON_LITERAL_NULL_CONVERSION = YES;
				CLANG_WARN_OBJC_IMPLICIT_RETAIN_SELF = YES;
				CLANG_WARN_OBJC_LITERAL_CONVERSION = YES;
				CLANG_WARN_OBJC_ROOT_CLASS = YES_ERROR;
				CLANG_WARN_QUOTED_INCLUDE_IN_FRAMEWORK_HEADER = YES;
				CLANG_WARN_RANGE_LOOP_ANALYSIS = YES;
				CLANG_WARN_STRICT_PROTOTYPES = YES;
				CLANG_WARN_SUSPICIOUS_MOVE = YES;
				CLANG_WARN_UNGUARDED_AVAILABILITY = YES_AGGRESSIVE;
				CLANG_WARN_UNREACHABLE_CODE = YES;
				CLANG_WARN__DUPLICATE_METHOD_MATCH = YES;
				COPY_PHASE_STRIP = NO;
				DEBUG_INFORMATION_FORMAT = "dwarf-with-dsym";
				ENABLE_NS_ASSERTIONS = NO;
				ENABLE_STRICT_OBJC_MSGSEND = YES;
				ENABLE_USER_SCRIPT_SANDBOXING = YES;
				GCC_C_LANGUAGE_STANDARD = gnu17;
				GCC_NO_COMMON_BLOCKS = YES;
				GCC_WARN_64_TO_32_BIT_CONVERSION = YES;
				GCC_WARN_ABOUT_RETURN_TYPE = YES_ERROR;
				GCC_WARN_UNDECLARED_SELECTOR = YES;
				GCC_WARN_UNINITIALIZED_AUTOS = YES_AGGRESSIVE;
				GCC_WARN_UNUSED_FUNCTION = YES;
				GCC_WARN_UNUSED_VARIABLE = YES;
				IPHONEOS_DEPLOYMENT_TARGET = 17.0;
				LOCALIZATION_PREFERS_STRING_CATALOGS = YES;
				MTL_ENABLE_DEBUG_INFO = NO;
				MTL_FAST_MATH = YES;
				SDKROOT = iphoneos;
				SWIFT_COMPILATION_MODE = wholemodule;
				VALIDATE_PRODUCT = YES;
			};
			name = Release;
		};
		AFB3BD742AE1DF3500C5413E /* Debug */ = {
			isa = XCBuildConfiguration;
			buildSettings = {
				ASSETCATALOG_COMPILER_APPICON_NAME = AppIcon;
				ASSETCATALOG_COMPILER_GLOBAL_ACCENT_COLOR_NAME = AccentColor;
				CODE_SIGN_STYLE = Automatic;
				CURRENT_PROJECT_VERSION = 1;
				DEVELOPMENT_ASSET_PATHS = "\"VIC Hockey/Preview Content\"";
				DEVELOPMENT_TEAM = 4W572TG7MY;
				ENABLE_PREVIEWS = YES;
				GENERATE_INFOPLIST_FILE = YES;
				INFOPLIST_KEY_UIApplicationSceneManifest_Generation = YES;
				INFOPLIST_KEY_UIApplicationSupportsIndirectInputEvents = YES;
				INFOPLIST_KEY_UILaunchScreen_Generation = YES;
				INFOPLIST_KEY_UISupportedInterfaceOrientations = UIInterfaceOrientationPortrait;
				LD_RUNPATH_SEARCH_PATHS = (
					"$(inherited)",
					"@executable_path/Frameworks",
				);
				MARKETING_VERSION = 1.0;
				PRODUCT_BUNDLE_IDENTIFIER = "com.brettmoxey.VIC-Hockey";
				PRODUCT_NAME = "$(TARGET_NAME)";
				SUPPORTED_PLATFORMS = "iphoneos iphonesimulator";
				SUPPORTS_MACCATALYST = NO;
				SUPPORTS_MAC_DESIGNED_FOR_IPHONE_IPAD = NO;
				SWIFT_EMIT_LOC_STRINGS = YES;
				SWIFT_VERSION = 5.0;
				TARGETED_DEVICE_FAMILY = 1;
			};
			name = Debug;
		};
		AFB3BD752AE1DF3500C5413E /* Release */ = {
			isa = XCBuildConfiguration;
			buildSettings = {
				ASSETCATALOG_COMPILER_APPICON_NAME = AppIcon;
				ASSETCATALOG_COMPILER_GLOBAL_ACCENT_COLOR_NAME = AccentColor;
				CODE_SIGN_STYLE = Automatic;
				CURRENT_PROJECT_VERSION = 1;
				DEVELOPMENT_ASSET_PATHS = "\"VIC Hockey/Preview Content\"";
				DEVELOPMENT_TEAM = 4W572TG7MY;
				ENABLE_PREVIEWS = YES;
				GENERATE_INFOPLIST_FILE = YES;
				INFOPLIST_KEY_UIApplicationSceneManifest_Generation = YES;
				INFOPLIST_KEY_UIApplicationSupportsIndirectInputEvents = YES;
				INFOPLIST_KEY_UILaunchScreen_Generation = YES;
				INFOPLIST_KEY_UISupportedInterfaceOrientations = UIInterfaceOrientationPortrait;
				LD_RUNPATH_SEARCH_PATHS = (
					"$(inherited)",
					"@executable_path/Frameworks",
				);
				MARKETING_VERSION = 1.0;
				PRODUCT_BUNDLE_IDENTIFIER = "com.brettmoxey.VIC-Hockey";
				PRODUCT_NAME = "$(TARGET_NAME)";
				SUPPORTED_PLATFORMS = "iphoneos iphonesimulator";
				SUPPORTS_MACCATALYST = NO;
				SUPPORTS_MAC_DESIGNED_FOR_IPHONE_IPAD = NO;
				SWIFT_EMIT_LOC_STRINGS = YES;
				SWIFT_VERSION = 5.0;
				TARGETED_DEVICE_FAMILY = 1;
			};
			name = Release;
		};
/* End XCBuildConfiguration section */

/* Begin XCConfigurationList section */
		AFB3BD602AE1DF3400C5413E /* Build configuration list for PBXProject "VIC Hockey" */ = {
			isa = XCConfigurationList;
			buildConfigurations = (
				AFB3BD712AE1DF3500C5413E /* Debug */,
				AFB3BD722AE1DF3500C5413E /* Release */,
			);
			defaultConfigurationIsVisible = 0;
			defaultConfigurationName = Release;
		};
		AFB3BD732AE1DF3500C5413E /* Build configuration list for PBXNativeTarget "VIC Hockey" */ = {
			isa = XCConfigurationList;
			buildConfigurations = (
				AFB3BD742AE1DF3500C5413E /* Debug */,
				AFB3BD752AE1DF3500C5413E /* Release */,
			);
			defaultConfigurationIsVisible = 0;
			defaultConfigurationName = Release;
		};
/* End XCConfigurationList section */
	};
	rootObject = AFB3BD5D2AE1DF3400C5413E /* Project object */;
}
