// !$*UTF8*$!
{
	archiveVersion = 1;
	classes = {
	};
	objectVersion = 56;
	objects = {

/* Begin PBXBuildFile section */
		AF278B462AEE30700077B24E /* ScheduleView.swift in Sources */ = {isa = PBXBuildFile; fileRef = AF278B452AEE30700077B24E /* ScheduleView.swift */; };
		AFB3BD692AE1DF3400C5413E /* VIC_HockeyApp.swift in Sources */ = {isa = PBXBuildFile; fileRef = AFB3BD682AE1DF3400C5413E /* VIC_HockeyApp.swift */; };
		AFB3BD6B2AE1DF3400C5413E /* ContentView.swift in Sources */ = {isa = PBXBuildFile; fileRef = AFB3BD6A2AE1DF3400C5413E /* ContentView.swift */; };
		AFB3BD6D2AE1DF3500C5413E /* Assets.xcassets in Resources */ = {isa = PBXBuildFile; fileRef = AFB3BD6C2AE1DF3500C5413E /* Assets.xcassets */; };
		AFB3BD702AE1DF3500C5413E /* Preview Assets.xcassets in Resources */ = {isa = PBXBuildFile; fileRef = AFB3BD6F2AE1DF3500C5413E /* Preview Assets.xcassets */; };
		AFB3BD772AE1DFD200C5413E /* Teams.swift in Sources */ = {isa = PBXBuildFile; fileRef = AFB3BD762AE1DFD200C5413E /* Teams.swift */; };
		AFB3BD792AE1E47C00C5413E /* NetworkMonitor.swift in Sources */ = {isa = PBXBuildFile; fileRef = AFB3BD782AE1E47C00C5413E /* NetworkMonitor.swift */; };
		AFB3BD7B2AE1E5F100C5413E /* NoNetworkView.swift in Sources */ = {isa = PBXBuildFile; fileRef = AFB3BD7A2AE1E5F100C5413E /* NoNetworkView.swift */; };
		AFB3BD7F2AE1F1B400C5413E /* Structs.swift in Sources */ = {isa = PBXBuildFile; fileRef = AFB3BD7E2AE1F1B400C5413E /* Structs.swift */; };
		AFB3BD812AE1FEDF00C5413E /* Functions.swift in Sources */ = {isa = PBXBuildFile; fileRef = AFB3BD802AE1FEDF00C5413E /* Functions.swift */; };
		AFB3BD832AE20D9900C5413E /* SelectCompView.swift in Sources */ = {isa = PBXBuildFile; fileRef = AFB3BD822AE20D9900C5413E /* SelectCompView.swift */; };
		AFB50B942AEA306F00E2444E /* MainTabView.swift in Sources */ = {isa = PBXBuildFile; fileRef = AFB50B932AEA306F00E2444E /* MainTabView.swift */; };
		AFB7E1572AE90C0200035FD9 /* SelectClubView.swift in Sources */ = {isa = PBXBuildFile; fileRef = AFB7E1562AE90C0200035FD9 /* SelectClubView.swift */; };
		AFD604812AED20980013CCC5 /* ConfirmationAlertView.swift in Sources */ = {isa = PBXBuildFile; fileRef = AFD604802AED20980013CCC5 /* ConfirmationAlertView.swift */; };
		AFF6CAA22AE74BC5001CD67A /* SelectTeamView.swift in Sources */ = {isa = PBXBuildFile; fileRef = AFF6CAA12AE74BC5001CD67A /* SelectTeamView.swift */; };
/* End PBXBuildFile section */

/* Begin PBXFileReference section */
		AF278B452AEE30700077B24E /* ScheduleView.swift */ = {isa = PBXFileReference; lastKnownFileType = sourcecode.swift; path = ScheduleView.swift; sourceTree = "<group>"; };
		AFB3BD652AE1DF3400C5413E /* VIC Hockey.app */ = {isa = PBXFileReference; explicitFileType = wrapper.application; includeInIndex = 0; path = "VIC Hockey.app"; sourceTree = BUILT_PRODUCTS_DIR; };
		AFB3BD682AE1DF3400C5413E /* VIC_HockeyApp.swift */ = {isa = PBXFileReference; lastKnownFileType = sourcecode.swift; path = VIC_HockeyApp.swift; sourceTree = "<group>"; };
		AFB3BD6A2AE1DF3400C5413E /* ContentView.swift */ = {isa = PBXFileReference; lastKnownFileType = sourcecode.swift; path = ContentView.swift; sourceTree = "<group>"; };
		AFB3BD6C2AE1DF3500C5413E /* Assets.xcassets */ = {isa = PBXFileReference; lastKnownFileType = folder.assetcatalog; path = Assets.xcassets; sourceTree = "<group>"; };
		AFB3BD6F2AE1DF3500C5413E /* Preview Assets.xcassets */ = {isa = PBXFileReference; lastKnownFileType = folder.assetcatalog; path = "Preview Assets.xcassets"; sourceTree = "<group>"; };
		AFB3BD762AE1DFD200C5413E /* Teams.swift */ = {isa = PBXFileReference; lastKnownFileType = sourcecode.swift; path = Teams.swift; sourceTree = "<group>"; };
		AFB3BD782AE1E47C00C5413E /* NetworkMonitor.swift */ = {isa = PBXFileReference; lastKnownFileType = sourcecode.swift; path = NetworkMonitor.swift; sourceTree = "<group>"; };
		AFB3BD7A2AE1E5F100C5413E /* NoNetworkView.swift */ = {isa = PBXFileReference; lastKnownFileType = sourcecode.swift; path = NoNetworkView.swift; sourceTree = "<group>"; };
		AFB3BD7E2AE1F1B400C5413E /* Structs.swift */ = {isa = PBXFileReference; lastKnownFileType = sourcecode.swift; path = Structs.swift; sourceTree = "<group>"; };
		AFB3BD802AE1FEDF00C5413E /* Functions.swift */ = {isa = PBXFileReference; lastKnownFileType = sourcecode.swift; path = Functions.swift; sourceTree = "<group>"; };
		AFB3BD822AE20D9900C5413E /* SelectCompView.swift */ = {isa = PBXFileReference; lastKnownFileType = sourcecode.swift; path = SelectCompView.swift; sourceTree = "<group>"; };
		AFB50B932AEA306F00E2444E /* MainTabView.swift */ = {isa = PBXFileReference; lastKnownFileType = sourcecode.swift; path = MainTabView.swift; sourceTree = "<group>"; };
		AFB7E1562AE90C0200035FD9 /* SelectClubView.swift */ = {isa = PBXFileReference; lastKnownFileType = sourcecode.swift; path = SelectClubView.swift; sourceTree = "<group>"; };
		AFD604802AED20980013CCC5 /* ConfirmationAlertView.swift */ = {isa = PBXFileReference; lastKnownFileType = sourcecode.swift; path = ConfirmationAlertView.swift; sourceTree = "<group>"; };
		AFF6CAA12AE74BC5001CD67A /* SelectTeamView.swift */ = {isa = PBXFileReference; lastKnownFileType = sourcecode.swift; path = SelectTeamView.swift; sourceTree = "<group>"; };
/* End PBXFileReference section */

/* Begin PBXFrameworksBuildPhase section */
		AFB3BD622AE1DF3400C5413E /* Frameworks */ = {
			isa = PBXFrameworksBuildPhase;
			buildActionMask = 2147483647;
			files = (
			);
			runOnlyForDeploymentPostprocessing = 0;
		};
/* End PBXFrameworksBuildPhase section */

/* Begin PBXGroup section */
		AFB3BD5C2AE1DF3400C5413E = {
			isa = PBXGroup;
			children = (
				AFB3BD672AE1DF3400C5413E /* VIC Hockey */,
				AFB3BD662AE1DF3400C5413E /* Products */,
			);
			sourceTree = "<group>";
		};
		AFB3BD662AE1DF3400C5413E /* Products */ = {
			isa = PBXGroup;
			children = (
				AFB3BD652AE1DF3400C5413E /* VIC Hockey.app */,
			);
			name = Products;
			sourceTree = "<group>";
		};
		AFB3BD672AE1DF3400C5413E /* VIC Hockey */ = {
			isa = PBXGroup;
			children = (
				AFB3BD682AE1DF3400C5413E /* VIC_HockeyApp.swift */,
				AFB3BD6A2AE1DF3400C5413E /* ContentView.swift */,
				AFB3BD6C2AE1DF3500C5413E /* Assets.xcassets */,
				AFB3BD6E2AE1DF3500C5413E /* Preview Content */,
				AFB3BD762AE1DFD200C5413E /* Teams.swift */,
				AFB3BD782AE1E47C00C5413E /* NetworkMonitor.swift */,
				AFB3BD7A2AE1E5F100C5413E /* NoNetworkView.swift */,
				AFB3BD7E2AE1F1B400C5413E /* Structs.swift */,
				AFB3BD802AE1FEDF00C5413E /* Functions.swift */,
				AFB3BD822AE20D9900C5413E /* SelectCompView.swift */,
				AFB7E1562AE90C0200035FD9 /* SelectClubView.swift */,
				AFF6CAA12AE74BC5001CD67A /* SelectTeamView.swift */,
				AFB50B932AEA306F00E2444E /* MainTabView.swift */,
				AFD604802AED20980013CCC5 /* ConfirmationAlertView.swift */,
				AF278B452AEE30700077B24E /* ScheduleView.swift */,
			);
			path = "VIC Hockey";
			sourceTree = "<group>";
		};
		AFB3BD6E2AE1DF3500C5413E /* Preview Content */ = {
			isa = PBXGroup;
			children = (
				AFB3BD6F2AE1DF3500C5413E /* Preview Assets.xcassets */,
			);
			path = "Preview Content";
			sourceTree = "<group>";
		};
/* End PBXGroup section */

/* Begin PBXNativeTarget section */
		AFB3BD642AE1DF3400C5413E /* VIC Hockey */ = {
			isa = PBXNativeTarget;
			buildConfigurationList = AFB3BD732AE1DF3500C5413E /* Build configuration list for PBXNativeTarget "VIC Hockey" */;
			buildPhases = (
				AFB3BD612AE1DF3400C5413E /* Sources */,
				AFB3BD622AE1DF3400C5413E /* Frameworks */,
				AFB3BD632AE1DF3400C5413E /* Resources */,
			);
			buildRules = (
			);
			dependencies = (
			);
			name = "VIC Hockey";
			productName = "VIC Hockey";
			productReference = AFB3BD652AE1DF3400C5413E /* VIC Hockey.app */;
			productType = "com.apple.product-type.application";
		};
/* End PBXNativeTarget section */

/* Begin PBXProject section */
		AFB3BD5D2AE1DF3400C5413E /* Project object */ = {
			isa = PBXProject;
			attributes = {
				BuildIndependentTargetsInParallel = 1;
				LastSwiftUpdateCheck = 1500;
				LastUpgradeCheck = 1500;
				TargetAttributes = {
					AFB3BD642AE1DF3400C5413E = {
						CreatedOnToolsVersion = 15.0.1;
					};
				};
			};
			buildConfigurationList = AFB3BD602AE1DF3400C5413E /* Build configuration list for PBXProject "VIC Hockey" */;
			compatibilityVersion = "Xcode 14.0";
			developmentRegion = en;
			hasScannedForEncodings = 0;
			knownRegions = (
				en,
				Base,
			);
			mainGroup = AFB3BD5C2AE1DF3400C5413E;
			productRefGroup = AFB3BD662AE1DF3400C5413E /* Products */;
			projectDirPath = "";
			projectRoot = "";
			targets = (
				AFB3BD642AE1DF3400C5413E /* VIC Hockey */,
			);
		};
/* End PBXProject section */

/* Begin PBXResourcesBuildPhase section */
		AFB3BD632AE1DF3400C5413E /* Resources */ = {
			isa = PBXResourcesBuildPhase;
			buildActionMask = 2147483647;
			files = (
				AFB3BD702AE1DF3500C5413E /* Preview Assets.xcassets in Resources */,
				AFB3BD6D2AE1DF3500C5413E /* Assets.xcassets in Resources */,
			);
			runOnlyForDeploymentPostprocessing = 0;
		};
/* End PBXResourcesBuildPhase section */

/* Begin PBXSourcesBuildPhase section */
		AFB3BD612AE1DF3400C5413E /* Sources */ = {
			isa = PBXSourcesBuildPhase;
			buildActionMask = 2147483647;
			files = (
				AFB3BD772AE1DFD200C5413E /* Teams.swift in Sources */,
				AFB3BD792AE1E47C00C5413E /* NetworkMonitor.swift in Sources */,
				AFD604812AED20980013CCC5 /* ConfirmationAlertView.swift in Sources */,
				AFB7E1572AE90C0200035FD9 /* SelectClubView.swift in Sources */,
				AFB3BD832AE20D9900C5413E /* SelectCompView.swift in Sources */,
				AFB3BD7B2AE1E5F100C5413E /* NoNetworkView.swift in Sources */,
				AFB50B942AEA306F00E2444E /* MainTabView.swift in Sources */,
				AFF6CAA22AE74BC5001CD67A /* SelectTeamView.swift in Sources */,
				AFB3BD812AE1FEDF00C5413E /* Functions.swift in Sources */,
				AFB3BD7F2AE1F1B400C5413E /* Structs.swift in Sources */,
				AFB3BD6B2AE1DF3400C5413E /* ContentView.swift in Sources */,
				AF278B462AEE30700077B24E /* ScheduleView.swift in Sources */,
				AFB3BD692AE1DF3400C5413E /* VIC_HockeyApp.swift in Sources */,
			);
			runOnlyForDeploymentPostprocessing = 0;
		};
/* End PBXSourcesBuildPhase section */

/* Begin XCBuildConfiguration section */
		AFB3BD712AE1DF3500C5413E /* Debug */ = {
			isa = XCBuildConfiguration;
			buildSettings = {
				ALWAYS_SEARCH_USER_PATHS = NO;
				ASSETCATALOG_COMPILER_GENERATE_SWIFT_ASSET_SYMBOL_EXTENSIONS = YES;
				CLANG_ANALYZER_NONNULL = YES;
				CLANG_ANALYZER_NUMBER_OBJECT_CONVERSION = YES_AGGRESSIVE;
				CLANG_CXX_LANGUAGE_STANDARD = "gnu++20";
				CLANG_ENABLE_MODULES = YES;
				CLANG_ENABLE_OBJC_ARC = YES;
				CLANG_ENABLE_OBJC_WEAK = YES;
				CLANG_WARN_BLOCK_CAPTURE_AUTORELEASING = YES;
				CLANG_WARN_BOOL_CONVERSION = YES;
				CLANG_WARN_COMMA = YES;
				CLANG_WARN_CONSTANT_CONVERSION = YES;
				CLANG_WARN_DEPRECATED_OBJC_IMPLEMENTATIONS = YES;
				CLANG_WARN_DIRECT_OBJC_ISA_USAGE = YES_ERROR;
				CLANG_WARN_DOCUMENTATION_COMMENTS = YES;
				CLANG_WARN_EMPTY_BODY = YES;
				CLANG_WARN_ENUM_CONVERSION = YES;
				CLANG_WARN_INFINITE_RECURSION = YES;
				CLANG_WARN_INT_CONVERSION = YES;
				CLANG_WARN_NON_LITERAL_NULL_CONVERSION = YES;
				CLANG_WARN_OBJC_IMPLICIT_RETAIN_SELF = YES;
				CLANG_WARN_OBJC_LITERAL_CONVERSION = YES;
				CLANG_WARN_OBJC_ROOT_CLASS = YES_ERROR;
				CLANG_WARN_QUOTED_INCLUDE_IN_FRAMEWORK_HEADER = YES;
				CLANG_WARN_RANGE_LOOP_ANALYSIS = YES;
				CLANG_WARN_STRICT_PROTOTYPES = YES;
				CLANG_WARN_SUSPICIOUS_MOVE = YES;
				CLANG_WARN_UNGUARDED_AVAILABILITY = YES_AGGRESSIVE;
				CLANG_WARN_UNREACHABLE_CODE = YES;
				CLANG_WARN__DUPLICATE_METHOD_MATCH = YES;
				COPY_PHASE_STRIP = NO;
				DEBUG_INFORMATION_FORMAT = dwarf;
				ENABLE_STRICT_OBJC_MSGSEND = YES;
				ENABLE_TESTABILITY = YES;
				ENABLE_USER_SCRIPT_SANDBOXING = YES;
				GCC_C_LANGUAGE_STANDARD = gnu17;
				GCC_DYNAMIC_NO_PIC = NO;
				GCC_NO_COMMON_BLOCKS = YES;
				GCC_OPTIMIZATION_LEVEL = 0;
				GCC_PREPROCESSOR_DEFINITIONS = (
					"DEBUG=1",
					"$(inherited)",
				);
				GCC_WARN_64_TO_32_BIT_CONVERSION = YES;
				GCC_WARN_ABOUT_RETURN_TYPE = YES_ERROR;
				GCC_WARN_UNDECLARED_SELECTOR = YES;
				GCC_WARN_UNINITIALIZED_AUTOS = YES_AGGRESSIVE;
				GCC_WARN_UNUSED_FUNCTION = YES;
				GCC_WARN_UNUSED_VARIABLE = YES;
				IPHONEOS_DEPLOYMENT_TARGET = 17.0;
				LOCALIZATION_PREFERS_STRING_CATALOGS = YES;
				MTL_ENABLE_DEBUG_INFO = INCLUDE_SOURCE;
				MTL_FAST_MATH = YES;
				ONLY_ACTIVE_ARCH = YES;
				SDKROOT = iphoneos;
				SWIFT_ACTIVE_COMPILATION_CONDITIONS = "DEBUG $(inherited)";
				SWIFT_OPTIMIZATION_LEVEL = "-Onone";
			};
			name = Debug;
		};
		AFB3BD722AE1DF3500C5413E /* Release */ = {
			isa = XCBuildConfiguration;
			buildSettings = {
				ALWAYS_SEARCH_USER_PATHS = NO;
				ASSETCATALOG_COMPILER_GENERATE_SWIFT_ASSET_SYMBOL_EXTENSIONS = YES;
				CLANG_ANALYZER_NONNULL = YES;
				CLANG_ANALYZER_NUMBER_OBJECT_CONVERSION = YES_AGGRESSIVE;
				CLANG_CXX_LANGUAGE_STANDARD = "gnu++20";
				CLANG_ENABLE_MODULES = YES;
				CLANG_ENABLE_OBJC_ARC = YES;
				CLANG_ENABLE_OBJC_WEAK = YES;
				CLANG_WARN_BLOCK_CAPTURE_AUTORELEASING = YES;
				CLANG_WARN_BOOL_CONVERSION = YES;
				CLANG_WARN_COMMA = YES;
				CLANG_WARN_CONSTANT_CONVERSION = YES;
				CLANG_WARN_DEPRECATED_OBJC_IMPLEMENTATIONS = YES;
				CLANG_WARN_DIRECT_OBJC_ISA_USAGE = YES_ERROR;
				CLANG_WARN_DOCUMENTATION_COMMENTS = YES;
				CLANG_WARN_EMPTY_BODY = YES;
				CLANG_WARN_ENUM_CONVERSION = YES;
				CLANG_WARN_INFINITE_RECURSION = YES;
				CLANG_WARN_INT_CONVERSION = YES;
				CLANG_WARN_NON_LITERAL_NULL_CONVERSION = YES;
				CLANG_WARN_OBJC_IMPLICIT_RETAIN_SELF = YES;
				CLANG_WARN_OBJC_LITERAL_CONVERSION = YES;
				CLANG_WARN_OBJC_ROOT_CLASS = YES_ERROR;
				CLANG_WARN_QUOTED_INCLUDE_IN_FRAMEWORK_HEADER = YES;
				CLANG_WARN_RANGE_LOOP_ANALYSIS = YES;
				CLANG_WARN_STRICT_PROTOTYPES = YES;
				CLANG_WARN_SUSPICIOUS_MOVE = YES;
				CLANG_WARN_UNGUARDED_AVAILABILITY = YES_AGGRESSIVE;
				CLANG_WARN_UNREACHABLE_CODE = YES;
				CLANG_WARN__DUPLICATE_METHOD_MATCH = YES;
				COPY_PHASE_STRIP = NO;
				DEBUG_INFORMATION_FORMAT = "dwarf-with-dsym";
				ENABLE_NS_ASSERTIONS = NO;
				ENABLE_STRICT_OBJC_MSGSEND = YES;
				ENABLE_USER_SCRIPT_SANDBOXING = YES;
				GCC_C_LANGUAGE_STANDARD = gnu17;
				GCC_NO_COMMON_BLOCKS = YES;
				GCC_WARN_64_TO_32_BIT_CONVERSION = YES;
				GCC_WARN_ABOUT_RETURN_TYPE = YES_ERROR;
				GCC_WARN_UNDECLARED_SELECTOR = YES;
				GCC_WARN_UNINITIALIZED_AUTOS = YES_AGGRESSIVE;
				GCC_WARN_UNUSED_FUNCTION = YES;
				GCC_WARN_UNUSED_VARIABLE = YES;
				IPHONEOS_DEPLOYMENT_TARGET = 17.0;
				LOCALIZATION_PREFERS_STRING_CATALOGS = YES;
				MTL_ENABLE_DEBUG_INFO = NO;
				MTL_FAST_MATH = YES;
				SDKROOT = iphoneos;
				SWIFT_COMPILATION_MODE = wholemodule;
				VALIDATE_PRODUCT = YES;
			};
			name = Release;
		};
		AFB3BD742AE1DF3500C5413E /* Debug */ = {
			isa = XCBuildConfiguration;
			buildSettings = {
				ASSETCATALOG_COMPILER_APPICON_NAME = AppIcon;
				ASSETCATALOG_COMPILER_GLOBAL_ACCENT_COLOR_NAME = AccentColor;
				CODE_SIGN_STYLE = Automatic;
				CURRENT_PROJECT_VERSION = 1;
				DEVELOPMENT_ASSET_PATHS = "\"VIC Hockey/Preview Content\"";
				DEVELOPMENT_TEAM = 4W572TG7MY;
				ENABLE_PREVIEWS = YES;
				GENERATE_INFOPLIST_FILE = YES;
				INFOPLIST_KEY_UIApplicationSceneManifest_Generation = YES;
				INFOPLIST_KEY_UIApplicationSupportsIndirectInputEvents = YES;
				INFOPLIST_KEY_UILaunchScreen_Generation = YES;
				INFOPLIST_KEY_UISupportedInterfaceOrientations = UIInterfaceOrientationPortrait;
				LD_RUNPATH_SEARCH_PATHS = (
					"$(inherited)",
					"@executable_path/Frameworks",
				);
				MARKETING_VERSION = 1.0;
				PRODUCT_BUNDLE_IDENTIFIER = "com.brettmoxey.VIC-Hockey";
				PRODUCT_NAME = "$(TARGET_NAME)";
				SUPPORTED_PLATFORMS = "iphoneos iphonesimulator";
				SUPPORTS_MACCATALYST = NO;
				SUPPORTS_MAC_DESIGNED_FOR_IPHONE_IPAD = NO;
				SWIFT_EMIT_LOC_STRINGS = YES;
				SWIFT_VERSION = 5.0;
				TARGETED_DEVICE_FAMILY = 1;
			};
			name = Debug;
		};
		AFB3BD752AE1DF3500C5413E /* Release */ = {
			isa = XCBuildConfiguration;
			buildSettings = {
				ASSETCATALOG_COMPILER_APPICON_NAME = AppIcon;
				ASSETCATALOG_COMPILER_GLOBAL_ACCENT_COLOR_NAME = AccentColor;
				CODE_SIGN_STYLE = Automatic;
				CURRENT_PROJECT_VERSION = 1;
				DEVELOPMENT_ASSET_PATHS = "\"VIC Hockey/Preview Content\"";
				DEVELOPMENT_TEAM = 4W572TG7MY;
				ENABLE_PREVIEWS = YES;
				GENERATE_INFOPLIST_FILE = YES;
				INFOPLIST_KEY_UIApplicationSceneManifest_Generation = YES;
				INFOPLIST_KEY_UIApplicationSupportsIndirectInputEvents = YES;
				INFOPLIST_KEY_UILaunchScreen_Generation = YES;
				INFOPLIST_KEY_UISupportedInterfaceOrientations = UIInterfaceOrientationPortrait;
				LD_RUNPATH_SEARCH_PATHS = (
					"$(inherited)",
					"@executable_path/Frameworks",
				);
				MARKETING_VERSION = 1.0;
				PRODUCT_BUNDLE_IDENTIFIER = "com.brettmoxey.VIC-Hockey";
				PRODUCT_NAME = "$(TARGET_NAME)";
				SUPPORTED_PLATFORMS = "iphoneos iphonesimulator";
				SUPPORTS_MACCATALYST = NO;
				SUPPORTS_MAC_DESIGNED_FOR_IPHONE_IPAD = NO;
				SWIFT_EMIT_LOC_STRINGS = YES;
				SWIFT_VERSION = 5.0;
				TARGETED_DEVICE_FAMILY = 1;
			};
			name = Release;
		};
/* End XCBuildConfiguration section */

/* Begin XCConfigurationList section */
		AFB3BD602AE1DF3400C5413E /* Build configuration list for PBXProject "VIC Hockey" */ = {
			isa = XCConfigurationList;
			buildConfigurations = (
				AFB3BD712AE1DF3500C5413E /* Debug */,
				AFB3BD722AE1DF3500C5413E /* Release */,
			);
			defaultConfigurationIsVisible = 0;
			defaultConfigurationName = Release;
		};
		AFB3BD732AE1DF3500C5413E /* Build configuration list for PBXNativeTarget "VIC Hockey" */ = {
			isa = XCConfigurationList;
			buildConfigurations = (
				AFB3BD742AE1DF3500C5413E /* Debug */,
				AFB3BD752AE1DF3500C5413E /* Release */,
			);
			defaultConfigurationIsVisible = 0;
			defaultConfigurationName = Release;
		};
/* End XCConfigurationList section */
	};
	rootObject = AFB3BD5D2AE1DF3400C5413E /* Project object */;
}
